
Microsoft Visual Studio Solution File, Format Version 12.00
# Visual Studio Version 16
VisualStudioVersion = 16.0.29025.244
MinimumVisualStudioVersion = 10.0.40219.1
Project("{9A19103F-16F7-4668-BE54-9A1E7A4F7556}") = "Anki.Vector", "Anki.Vector\Anki.Vector.csproj", "{F49C2C97-4EA5-48D7-AAAE-4A8D625D0375}"
EndProject
Project("{FAE04EC0-301F-11D3-BF4B-00C04F79EFBC}") = "Documentation", "Documentation\Documentation.csproj", "{6EC676D7-E859-4F07-AEA6-00B2569BB6B1}"
EndProject
Global
	GlobalSection(SolutionConfigurationPlatforms) = preSolution
		Debug|Any CPU = Debug|Any CPU
		Release|Any CPU = Release|Any CPU
	EndGlobalSection
	GlobalSection(ProjectConfigurationPlatforms) = postSolution
		{F49C2C97-4EA5-48D7-AAAE-4A8D625D0375}.Debug|Any CPU.ActiveCfg = Debug|Any CPU
		{F49C2C97-4EA5-48D7-AAAE-4A8D625D0375}.Debug|Any CPU.Build.0 = Debug|Any CPU
		{F49C2C97-4EA5-48D7-AAAE-4A8D625D0375}.Release|Any CPU.ActiveCfg = Release|Any CPU
		{F49C2C97-4EA5-48D7-AAAE-4A8D625D0375}.Release|Any CPU.Build.0 = Release|Any CPU
		{6EC676D7-E859-4F07-AEA6-00B2569BB6B1}.Debug|Any CPU.ActiveCfg = Debug|Any CPU
		{6EC676D7-E859-4F07-AEA6-00B2569BB6B1}.Release|Any CPU.ActiveCfg = Release|Any CPU
		{6EC676D7-E859-4F07-AEA6-00B2569BB6B1}.Release|Any CPU.Build.0 = Release|Any CPU
	EndGlobalSection
	GlobalSection(SolutionProperties) = preSolution
		HideSolutionNode = FALSE
	EndGlobalSection
	GlobalSection(ExtensibilityGlobals) = postSolution
		SolutionGuid = {EBBC4EAD-3171-4D28-B2F8-26556EF8ACC9}
	EndGlobalSection
EndGlobal
